{
  "object": {
    "pins": [
      {
        "package": "ANSIEscapeCode",
        "repositoryURL": "https://github.com/flintbox/ANSIEscapeCode",
        "state": {
          "branch": null,
          "revision": "892f5f3067ea4c029af05cb45efb3b6a3be2f838",
          "version": "0.1.1"
        }
      },
      {
        "package": "Bouncer",
        "repositoryURL": "https://github.com/flintbox/Bouncer",
        "state": {
          "branch": null,
          "revision": "afc6b0cd73ec2e965fc0336fc65b5ca57686dba0",
          "version": "0.1.3"
        }
      },
      {
        "package": "Motor",
        "repositoryURL": "https://github.com/flintbox/Motor",
        "state": {
          "branch": null,
          "revision": "ec165db3be9046b956cc3a9b035d4134ab95998e",
          "version": "0.1.2"
        }
      },
      {
        "package": "PathFinder",
        "repositoryURL": "https://github.com/jasonnam/PathFinder",
        "state": {
          "branch": "develop",
          "revision": "beb4667afc6e3d65872d9e9416ec916107641f8a",
          "version": null
        }
      },
      {
        "package": "Work",
        "repositoryURL": "https://github.com/flintbox/Work",
        "state": {
          "branch": null,
          "revision": "4a7a6ff7a87bac408cfc69382b8332f53f89e046",
          "version": "0.1.1"
        }
      },
      {
        "package": "Yams",
        "repositoryURL": "https://github.com/jpsim/Yams.git",
        "state": {
          "branch": null,
          "revision": "618582e09699b577fa183bab7d88e3ee7d9a1d19",
          "version": "1.0.0"
        }
      }
    ]
  },
  "version": 1
}
